
Microsoft Visual Studio Solution File, Format Version 12.00
# Visual Studio Version 17
VisualStudioVersion = 17.5.002.0
MinimumVisualStudioVersion = 10.0.40219.1
Project("{9A19103F-16F7-4668-BE54-9A1E7A4F7556}") = "netMvcApp", "netMvcApp.csproj", "{B93AB5E7-7087-4CCF-A7C2-E7B4530A777F}"
EndProject
Global
	GlobalSection(SolutionConfigurationPlatforms) = preSolution
		Debug|Any CPU = Debug|Any CPU
		Release|Any CPU = Release|Any CPU
	EndGlobalSection
	GlobalSection(ProjectConfigurationPlatforms) = postSolution
		{B93AB5E7-7087-4CCF-A7C2-E7B4530A777F}.Debug|Any CPU.ActiveCfg = Debug|Any CPU
		{B93AB5E7-7087-4CCF-A7C2-E7B4530A777F}.Debug|Any CPU.Build.0 = Debug|Any CPU
		{B93AB5E7-7087-4CCF-A7C2-E7B4530A777F}.Release|Any CPU.ActiveCfg = Release|Any CPU
		{B93AB5E7-7087-4CCF-A7C2-E7B4530A777F}.Release|Any CPU.Build.0 = Release|Any CPU
	EndGlobalSection
	GlobalSection(SolutionProperties) = preSolution
		HideSolutionNode = FALSE
	EndGlobalSection
	GlobalSection(ExtensibilityGlobals) = postSolution
		SolutionGuid = {E9695219-3A32-4EAF-9789-0F8BD9E66FA3}
	EndGlobalSection
EndGlobal
